# THIS IS AN AUTOGENERATED FILE. DO NOT EDIT THIS FILE DIRECTLY.
# yarn lockfile v1


react-audio-voice-recorder@^1.0.4:
  version "1.0.4"
  resolved "https://registry.yarnpkg.com/react-audio-voice-recorder/-/react-audio-voice-recorder-1.0.4.tgz#08604becb7a1d038ddd14b5d6274dd1f5d419d27"
  integrity sha512-NqMQqZZIau8cmzKUsf43s8rWF5lJPPebj+o6tkcX83dv2lLDdJL+jUFspynMSEZq+/T8NJYH2QUqqDAv9XF4Xw==
